
Microsoft Visual Studio Solution File, Format Version 12.00
# Visual Studio Version 16
VisualStudioVersion = 16.0.31829.152
MinimumVisualStudioVersion = 10.0.40219.1
Project("{FAE04EC0-301F-11D3-BF4B-00C04F79EFBC}") = "AsyncAwaitDemo", "AsyncAwaitDemo\AsyncAwaitDemo.csproj", "{505F8123-219A-45C7-9480-A1A954874622}"
EndProject
Global
	GlobalSection(SolutionConfigurationPlatforms) = preSolution
		Debug|Any CPU = Debug|Any CPU
		Release|Any CPU = Release|Any CPU
	EndGlobalSection
	GlobalSection(ProjectConfigurationPlatforms) = postSolution
		{505F8123-219A-45C7-9480-A1A954874622}.Debug|Any CPU.ActiveCfg = Debug|Any CPU
		{505F8123-219A-45C7-9480-A1A954874622}.Debug|Any CPU.Build.0 = Debug|Any CPU
		{505F8123-219A-45C7-9480-A1A954874622}.Release|Any CPU.ActiveCfg = Release|Any CPU
		{505F8123-219A-45C7-9480-A1A954874622}.Release|Any CPU.Build.0 = Release|Any CPU
	EndGlobalSection
	GlobalSection(SolutionProperties) = preSolution
		HideSolutionNode = FALSE
	EndGlobalSection
	GlobalSection(ExtensibilityGlobals) = postSolution
		SolutionGuid = {592EC4BA-5E56-449B-B6BF-2C07F73828F1}
	EndGlobalSection
EndGlobal
